
Microsoft Visual Studio Solution File, Format Version 12.00
# Visual Studio Version 16
VisualStudioVersion = 16.0.808.6
MinimumVisualStudioVersion = 10.0.40219.1
Project("{FAE04EC0-301F-11D3-BF4B-00C04F79EFBC}") = "Modules", "Modules\Modules.csproj", "{29B26CE3-AF83-4F4E-9845-6260769809C2}"
EndProject
Global
	GlobalSection(SolutionConfigurationPlatforms) = preSolution
		Debug|Any CPU = Debug|Any CPU
		Release|Any CPU = Release|Any CPU
	EndGlobalSection
	GlobalSection(ProjectConfigurationPlatforms) = postSolution
		{29B26CE3-AF83-4F4E-9845-6260769809C2}.Debug|Any CPU.ActiveCfg = Debug|Any CPU
		{29B26CE3-AF83-4F4E-9845-6260769809C2}.Debug|Any CPU.Build.0 = Debug|Any CPU
		{29B26CE3-AF83-4F4E-9845-6260769809C2}.Release|Any CPU.ActiveCfg = Release|Any CPU
		{29B26CE3-AF83-4F4E-9845-6260769809C2}.Release|Any CPU.Build.0 = Release|Any CPU
	EndGlobalSection
	GlobalSection(SolutionProperties) = preSolution
		HideSolutionNode = FALSE
	EndGlobalSection
	GlobalSection(ExtensibilityGlobals) = postSolution
		SolutionGuid = {BF389D8C-CAAB-435B-A9F8-FA332D3B4CF8}
	EndGlobalSection
EndGlobal
